
Microsoft Visual Studio Solution File, Format Version 12.00
# Visual Studio Version 17
VisualStudioVersion = 17.7.34221.43
MinimumVisualStudioVersion = 10.0.40219.1
Project("{FAE04EC0-301F-11D3-BF4B-00C04F79EFBC}") = "Ejercicio1_4", "Ejercicio1_4.csproj", "{1E797858-3328-41E1-A66B-46DA59F1B240}"
EndProject
Global
	GlobalSection(SolutionConfigurationPlatforms) = preSolution
		Debug|Any CPU = Debug|Any CPU
		Release|Any CPU = Release|Any CPU
	EndGlobalSection
	GlobalSection(ProjectConfigurationPlatforms) = postSolution
		{1E797858-3328-41E1-A66B-46DA59F1B240}.Debug|Any CPU.ActiveCfg = Debug|Any CPU
		{1E797858-3328-41E1-A66B-46DA59F1B240}.Debug|Any CPU.Build.0 = Debug|Any CPU
		{1E797858-3328-41E1-A66B-46DA59F1B240}.Debug|Any CPU.Deploy.0 = Debug|Any CPU
		{1E797858-3328-41E1-A66B-46DA59F1B240}.Release|Any CPU.ActiveCfg = Release|Any CPU
		{1E797858-3328-41E1-A66B-46DA59F1B240}.Release|Any CPU.Build.0 = Release|Any CPU
		{1E797858-3328-41E1-A66B-46DA59F1B240}.Release|Any CPU.Deploy.0 = Release|Any CPU
	EndGlobalSection
	GlobalSection(SolutionProperties) = preSolution
		HideSolutionNode = FALSE
	EndGlobalSection
	GlobalSection(ExtensibilityGlobals) = postSolution
		SolutionGuid = {0DB816D7-B1D6-47CD-BBD9-A93D05AD20CB}
	EndGlobalSection
EndGlobal
